// !$*UTF8*$!
{
	archiveVersion = 1;
	classes = {
	};
	objectVersion = 77;
	objects = {

/* Begin PBXContainerItemProxy section */
		D2ED868C2F33EC1200C8D4DC /* PBXContainerItemProxy */ = {
			isa = PBXContainerItemProxy;
			containerPortal = D2ED86732F33EC0E00C8D4DC /* Project object */;
			proxyType = 1;
			remoteGlobalIDString = D2ED867A2F33EC0E00C8D4DC;
			remoteInfo = MorningWeather;
		};
		D2ED86962F33EC1200C8D4DC /* PBXContainerItemProxy */ = {
			isa = PBXContainerItemProxy;
			containerPortal = D2ED86732F33EC0E00C8D4DC /* Project object */;
			proxyType = 1;
			remoteGlobalIDString = D2ED867A2F33EC0E00C8D4DC;
			remoteInfo = MorningWeather;
		};
/* End PBXContainerItemProxy section */

/* Begin PBXFileReference section */
		D2ED867B2F33EC0E00C8D4DC /* MorningWeather.app */ = {isa = PBXFileReference; explicitFileType = wrapper.application; includeInIndex = 0; path = MorningWeather.app; sourceTree = BUILT_PRODUCTS_DIR; };
		D2ED868B2F33EC1200C8D4DC /* MorningWeatherTests.xctest */ = {isa = PBXFileReference; explicitFileType = wrapper.cfbundle; includeInIndex = 0; path = MorningWeatherTests.xctest; sourceTree = BUILT_PRODUCTS_DIR; };
		D2ED86952F33EC1200C8D4DC /* MorningWeatherUITests.xctest */ = {isa = PBXFileReference; explicitFileType = wrapper.cfbundle; includeInIndex = 0; path = MorningWeatherUITests.xctest; sourceTree = BUILT_PRODUCTS_DIR; };
/* End PBXFileReference section */

/* Begin PBXFileSystemSynchronizedRootGroup section */
		D2ED867D2F33EC0E00C8D4DC /* MorningWeather */ = {
			isa = PBXFileSystemSynchronizedRootGroup;
			path = MorningWeather;
			sourceTree = "<group>";
		};
		D2ED868E2F33EC1200C8D4DC /* MorningWeatherTests */ = {
			isa = PBXFileSystemSynchronizedRootGroup;
			path = MorningWeatherTests;
			sourceTree = "<group>";
		};
		D2ED86982F33EC1200C8D4DC /* MorningWeatherUITests */ = {
			isa = PBXFileSystemSynchronizedRootGroup;
			path = MorningWeatherUITests;
			sourceTree = "<group>";
		};
/* End PBXFileSystemSynchronizedRootGroup section */

/* Begin PBXFrameworksBuildPhase section */
		D2ED86782F33EC0E00C8D4DC /* Frameworks */ = {
			isa = PBXFrameworksBuildPhase;
			buildActionMask = 2147483647;
			files = (
			);
			runOnlyForDeploymentPostprocessing = 0;
		};
		D2ED86882F33EC1200C8D4DC /* Frameworks */ = {
			isa = PBXFrameworksBuildPhase;
			buildActionMask = 2147483647;
			files = (
			);
			runOnlyForDeploymentPostprocessing = 0;
		};
		D2ED86922F33EC1200C8D4DC /* Frameworks */ = {
			isa = PBXFrameworksBuildPhase;
			buildActionMask = 2147483647;
			files = (
			);
			runOnlyForDeploymentPostprocessing = 0;
		};
/* End PBXFrameworksBuildPhase section */

/* Begin PBXGroup section */
		D2ED86722F33EC0D00C8D4DC = {
			isa = PBXGroup;
			children = (
				D2ED867D2F33EC0E00C8D4DC /* MorningWeather */,
				D2ED868E2F33EC1200C8D4DC /* MorningWeatherTests */,
				D2ED86982F33EC1200C8D4DC /* MorningWeatherUITests */,
				D2ED867C2F33EC0E00C8D4DC /* Products */,
			);
			sourceTree = "<group>";
		};
		D2ED867C2F33EC0E00C8D4DC /* Products */ = {
			isa = PBXGroup;
			children = (
				D2ED867B2F33EC0E00C8D4DC /* MorningWeather.app */,
				D2ED868B2F33EC1200C8D4DC /* MorningWeatherTests.xctest */,
				D2ED86952F33EC1200C8D4DC /* MorningWeatherUITests.xctest */,
			);
			name = Products;
			sourceTree = "<group>";
		};
/* End PBXGroup section */

/* Begin PBXNativeTarget section */
		D2ED867A2F33EC0E00C8D4DC /* MorningWeather */ = {
			isa = PBXNativeTarget;
			buildConfigurationList = D2ED869F2F33EC1200C8D4DC /* Build configuration list for PBXNativeTarget "MorningWeather" */;
			buildPhases = (
				D2ED86772F33EC0E00C8D4DC /* Sources */,
				D2ED86782F33EC0E00C8D4DC /* Frameworks */,
				D2ED86792F33EC0E00C8D4DC /* Resources */,
			);
			buildRules = (
			);
			dependencies = (
			);
			fileSystemSynchronizedGroups = (
				D2ED867D2F33EC0E00C8D4DC /* MorningWeather */,
			);
			name = MorningWeather;
			packageProductDependencies = (
			);
			productName = MorningWeather;
			productReference = D2ED867B2F33EC0E00C8D4DC /* MorningWeather.app */;
			productType = "com.apple.product-type.application";
		};
		D2ED868A2F33EC1200C8D4DC /* MorningWeatherTests */ = {
			isa = PBXNativeTarget;
			buildConfigurationList = D2ED86A22F33EC1200C8D4DC /* Build configuration list for PBXNativeTarget "MorningWeatherTests" */;
			buildPhases = (
				D2ED86872F33EC1200C8D4DC /* Sources */,
				D2ED86882F33EC1200C8D4DC /* Frameworks */,
				D2ED86892F33EC1200C8D4DC /* Resources */,
			);
			buildRules = (
			);
			dependencies = (
				D2ED868D2F33EC1200C8D4DC /* PBXTargetDependency */,
			);
			fileSystemSynchronizedGroups = (
				D2ED868E2F33EC1200C8D4DC /* MorningWeatherTests */,
			);
			name = MorningWeatherTests;
			packageProductDependencies = (
			);
			productName = MorningWeatherTests;
			productReference = D2ED868B2F33EC1200C8D4DC /* MorningWeatherTests.xctest */;
			productType = "com.apple.product-type.bundle.unit-test";
		};
		D2ED86942F33EC1200C8D4DC /* MorningWeatherUITests */ = {
			isa = PBXNativeTarget;
			buildConfigurationList = D2ED86A52F33EC1200C8D4DC /* Build configuration list for PBXNativeTarget "MorningWeatherUITests" */;
			buildPhases = (
				D2ED86912F33EC1200C8D4DC /* Sources */,
				D2ED86922F33EC1200C8D4DC /* Frameworks */,
				D2ED86932F33EC1200C8D4DC /* Resources */,
			);
			buildRules = (
			);
			dependencies = (
				D2ED86972F33EC1200C8D4DC /* PBXTargetDependency */,
			);
			fileSystemSynchronizedGroups = (
				D2ED86982F33EC1200C8D4DC /* MorningWeatherUITests */,
			);
			name = MorningWeatherUITests;
			packageProductDependencies = (
			);
			productName = MorningWeatherUITests;
			productReference = D2ED86952F33EC1200C8D4DC /* MorningWeatherUITests.xctest */;
			productType = "com.apple.product-type.bundle.ui-testing";
		};
/* End PBXNativeTarget section */

/* Begin PBXProject section */
		D2ED86732F33EC0E00C8D4DC /* Project object */ = {
			isa = PBXProject;
			attributes = {
				BuildIndependentTargetsInParallel = 1;
				LastSwiftUpdateCheck = 1620;
				LastUpgradeCheck = 1620;
				TargetAttributes = {
					D2ED867A2F33EC0E00C8D4DC = {
						CreatedOnToolsVersion = 16.2;
					};
					D2ED868A2F33EC1200C8D4DC = {
						CreatedOnToolsVersion = 16.2;
						TestTargetID = D2ED867A2F33EC0E00C8D4DC;
					};
					D2ED86942F33EC1200C8D4DC = {
						CreatedOnToolsVersion = 16.2;
						TestTargetID = D2ED867A2F33EC0E00C8D4DC;
					};
				};
			};
			buildConfigurationList = D2ED86762F33EC0E00C8D4DC /* Build configuration list for PBXProject "MorningWeather" */;
			developmentRegion = en;
			hasScannedForEncodings = 0;
			knownRegions = (
				en,
				Base,
			);
			mainGroup = D2ED86722F33EC0D00C8D4DC;
			minimizedProjectReferenceProxies = 1;
			preferredProjectObjectVersion = 77;
			productRefGroup = D2ED867C2F33EC0E00C8D4DC /* Products */;
			projectDirPath = "";
			projectRoot = "";
			targets = (
				D2ED867A2F33EC0E00C8D4DC /* MorningWeather */,
				D2ED868A2F33EC1200C8D4DC /* MorningWeatherTests */,
				D2ED86942F33EC1200C8D4DC /* MorningWeatherUITests */,
			);
		};
/* End PBXProject section */

/* Begin PBXResourcesBuildPhase section */
		D2ED86792F33EC0E00C8D4DC /* Resources */ = {
			isa = PBXResourcesBuildPhase;
			buildActionMask = 2147483647;
			files = (
			);
			runOnlyForDeploymentPostprocessing = 0;
		};
		D2ED86892F33EC1200C8D4DC /* Resources */ = {
			isa = PBXResourcesBuildPhase;
			buildActionMask = 2147483647;
			files = (
			);
			runOnlyForDeploymentPostprocessing = 0;
		};
		D2ED86932F33EC1200C8D4DC /* Resources */ = {
			isa = PBXResourcesBuildPhase;
			buildActionMask = 2147483647;
			files = (
			);
			runOnlyForDeploymentPostprocessing = 0;
		};
/* End PBXResourcesBuildPhase section */

/* Begin PBXSourcesBuildPhase section */
		D2ED86772F33EC0E00C8D4DC /* Sources */ = {
			isa = PBXSourcesBuildPhase;
			buildActionMask = 2147483647;
			files = (
			);
			runOnlyForDeploymentPostprocessing = 0;
		};
		D2ED86872F33EC1200C8D4DC /* Sources */ = {
			isa = PBXSourcesBuildPhase;
			buildActionMask = 2147483647;
			files = (
			);
			runOnlyForDeploymentPostprocessing = 0;
		};
		D2ED86912F33EC1200C8D4DC /* Sources */ = {
			isa = PBXSourcesBuildPhase;
			buildActionMask = 2147483647;
			files = (
			);
			runOnlyForDeploymentPostprocessing = 0;
		};
/* End PBXSourcesBuildPhase section */

/* Begin PBXTargetDependency section */
		D2ED868D2F33EC1200C8D4DC /* PBXTargetDependency */ = {
			isa = PBXTargetDependency;
			target = D2ED867A2F33EC0E00C8D4DC /* MorningWeather */;
			targetProxy = D2ED868C2F33EC1200C8D4DC /* PBXContainerItemProxy */;
		};
		D2ED86972F33EC1200C8D4DC /* PBXTargetDependency */ = {
			isa = PBXTargetDependency;
			target = D2ED867A2F33EC0E00C8D4DC /* MorningWeather */;
			targetProxy = D2ED86962F33EC1200C8D4DC /* PBXContainerItemProxy */;
		};
/* End PBXTargetDependency section */

/* Begin XCBuildConfiguration section */
		D2ED869D2F33EC1200C8D4DC /* Debug */ = {
			isa = XCBuildConfiguration;
			buildSettings = {
				ALWAYS_SEARCH_USER_PATHS = NO;
				ASSETCATALOG_COMPILER_GENERATE_SWIFT_ASSET_SYMBOL_EXTENSIONS = YES;
				CLANG_ANALYZER_NONNULL = YES;
				CLANG_ANALYZER_NUMBER_OBJECT_CONVERSION = YES_AGGRESSIVE;
				CLANG_CXX_LANGUAGE_STANDARD = "gnu++20";
				CLANG_ENABLE_MODULES = YES;
				CLANG_ENABLE_OBJC_ARC = YES;
				CLANG_ENABLE_OBJC_WEAK = YES;
				CLANG_WARN_BLOCK_CAPTURE_AUTORELEASING = YES;
				CLANG_WARN_BOOL_CONVERSION = YES;
				CLANG_WARN_COMMA = YES;
				CLANG_WARN_CONSTANT_CONVERSION = YES;
				CLANG_WARN_DEPRECATED_OBJC_IMPLEMENTATIONS = YES;
				CLANG_WARN_DIRECT_OBJC_ISA_USAGE = YES_ERROR;
				CLANG_WARN_DOCUMENTATION_COMMENTS = YES;
				CLANG_WARN_EMPTY_BODY = YES;
				CLANG_WARN_ENUM_CONVERSION = YES;
				CLANG_WARN_INFINITE_RECURSION = YES;
				CLANG_WARN_INT_CONVERSION = YES;
				CLANG_WARN_NON_LITERAL_NULL_CONVERSION = YES;
				CLANG_WARN_OBJC_IMPLICIT_RETAIN_SELF = YES;
				CLANG_WARN_OBJC_LITERAL_CONVERSION = YES;
				CLANG_WARN_OBJC_ROOT_CLASS = YES_ERROR;
				CLANG_WARN_QUOTED_INCLUDE_IN_FRAMEWORK_HEADER = YES;
				CLANG_WARN_RANGE_LOOP_ANALYSIS = YES;
				CLANG_WARN_STRICT_PROTOTYPES = YES;
				CLANG_WARN_SUSPICIOUS_MOVE = YES;
				CLANG_WARN_UNGUARDED_AVAILABILITY = YES_AGGRESSIVE;
				CLANG_WARN_UNREACHABLE_CODE = YES;
				CLANG_WARN__DUPLICATE_METHOD_MATCH = YES;
				COPY_PHASE_STRIP = NO;
				DEBUG_INFORMATION_FORMAT = dwarf;
				ENABLE_STRICT_OBJC_MSGSEND = YES;
				ENABLE_TESTABILITY = YES;
				ENABLE_USER_SCRIPT_SANDBOXING = YES;
				GCC_C_LANGUAGE_STANDARD = gnu17;
				GCC_DYNAMIC_NO_PIC = NO;
				GCC_NO_COMMON_BLOCKS = YES;
				GCC_OPTIMIZATION_LEVEL = 0;
				GCC_PREPROCESSOR_DEFINITIONS = (
					"DEBUG=1",
					"$(inherited)",
				);
				GCC_WARN_64_TO_32_BIT_CONVERSION = YES;
				GCC_WARN_ABOUT_RETURN_TYPE = YES_ERROR;
				GCC_WARN_UNDECLARED_SELECTOR = YES;
				GCC_WARN_UNINITIALIZED_AUTOS = YES_AGGRESSIVE;
				GCC_WARN_UNUSED_FUNCTION = YES;
				GCC_WARN_UNUSED_VARIABLE = YES;
				IPHONEOS_DEPLOYMENT_TARGET = 18.2;
				LOCALIZATION_PREFERS_STRING_CATALOGS = YES;
				MTL_ENABLE_DEBUG_INFO = INCLUDE_SOURCE;
				MTL_FAST_MATH = YES;
				ONLY_ACTIVE_ARCH = YES;
				SDKROOT = iphoneos;
				SWIFT_ACTIVE_COMPILATION_CONDITIONS = "DEBUG $(inherited)";
				SWIFT_OPTIMIZATION_LEVEL = "-Onone";
			};
			name = Debug;
		};
		D2ED869E2F33EC1200C8D4DC /* Release */ = {
			isa = XCBuildConfiguration;
			buildSettings = {
				ALWAYS_SEARCH_USER_PATHS = NO;
				ASSETCATALOG_COMPILER_GENERATE_SWIFT_ASSET_SYMBOL_EXTENSIONS = YES;
				CLANG_ANALYZER_NONNULL = YES;
				CLANG_ANALYZER_NUMBER_OBJECT_CONVERSION = YES_AGGRESSIVE;
				CLANG_CXX_LANGUAGE_STANDARD = "gnu++20";
				CLANG_ENABLE_MODULES = YES;
				CLANG_ENABLE_OBJC_ARC = YES;
				CLANG_ENABLE_OBJC_WEAK = YES;
				CLANG_WARN_BLOCK_CAPTURE_AUTORELEASING = YES;
				CLANG_WARN_BOOL_CONVERSION = YES;
				CLANG_WARN_COMMA = YES;
				CLANG_WARN_CONSTANT_CONVERSION = YES;
				CLANG_WARN_DEPRECATED_OBJC_IMPLEMENTATIONS = YES;
				CLANG_WARN_DIRECT_OBJC_ISA_USAGE = YES_ERROR;
				CLANG_WARN_DOCUMENTATION_COMMENTS = YES;
				CLANG_WARN_EMPTY_BODY = YES;
				CLANG_WARN_ENUM_CONVERSION = YES;
				CLANG_WARN_INFINITE_RECURSION = YES;
				CLANG_WARN_INT_CONVERSION = YES;
				CLANG_WARN_NON_LITERAL_NULL_CONVERSION = YES;
				CLANG_WARN_OBJC_IMPLICIT_RETAIN_SELF = YES;
				CLANG_WARN_OBJC_LITERAL_CONVERSION = YES;
				CLANG_WARN_OBJC_ROOT_CLASS = YES_ERROR;
				CLANG_WARN_QUOTED_INCLUDE_IN_FRAMEWORK_HEADER = YES;
				CLANG_WARN_RANGE_LOOP_ANALYSIS = YES;
				CLANG_WARN_STRICT_PROTOTYPES = YES;
				CLANG_WARN_SUSPICIOUS_MOVE = YES;
				CLANG_WARN_UNGUARDED_AVAILABILITY = YES_AGGRESSIVE;
				CLANG_WARN_UNREACHABLE_CODE = YES;
				CLANG_WARN__DUPLICATE_METHOD_MATCH = YES;
				COPY_PHASE_STRIP = NO;
				DEBUG_INFORMATION_FORMAT = "dwarf-with-dsym";
				ENABLE_NS_ASSERTIONS = NO;
				ENABLE_STRICT_OBJC_MSGSEND = YES;
				ENABLE_USER_SCRIPT_SANDBOXING = YES;
				GCC_C_LANGUAGE_STANDARD = gnu17;
				GCC_NO_COMMON_BLOCKS = YES;
				GCC_WARN_64_TO_32_BIT_CONVERSION = YES;
				GCC_WARN_ABOUT_RETURN_TYPE = YES_ERROR;
				GCC_WARN_UNDECLARED_SELECTOR = YES;
				GCC_WARN_UNINITIALIZED_AUTOS = YES_AGGRESSIVE;
				GCC_WARN_UNUSED_FUNCTION = YES;
				GCC_WARN_UNUSED_VARIABLE = YES;
				IPHONEOS_DEPLOYMENT_TARGET = 18.2;
				LOCALIZATION_PREFERS_STRING_CATALOGS = YES;
				MTL_ENABLE_DEBUG_INFO = NO;
				MTL_FAST_MATH = YES;
				SDKROOT = iphoneos;
				SWIFT_COMPILATION_MODE = wholemodule;
				VALIDATE_PRODUCT = YES;
			};
			name = Release;
		};
		D2ED86A02F33EC1200C8D4DC /* Debug */ = {
			isa = XCBuildConfiguration;
			buildSettings = {
				ASSETCATALOG_COMPILER_APPICON_NAME = AppIcon;
				ASSETCATALOG_COMPILER_GLOBAL_ACCENT_COLOR_NAME = AccentColor;
				CODE_SIGN_STYLE = Automatic;
				CURRENT_PROJECT_VERSION = 1;
				DEVELOPMENT_ASSET_PATHS = "\"MorningWeather/Preview Content\"";
				ENABLE_PREVIEWS = YES;
				GENERATE_INFOPLIST_FILE = YES;
				INFOPLIST_KEY_UIApplicationSceneManifest_Generation = YES;
				INFOPLIST_KEY_UIApplicationSupportsIndirectInputEvents = YES;
				INFOPLIST_KEY_UILaunchScreen_Generation = YES;
				INFOPLIST_KEY_UISupportedInterfaceOrientations_iPad = "UIInterfaceOrientationPortrait UIInterfaceOrientationPortraitUpsideDown UIInterfaceOrientationLandscapeLeft UIInterfaceOrientationLandscapeRight";
				INFOPLIST_KEY_UISupportedInterfaceOrientations_iPhone = "UIInterfaceOrientationPortrait UIInterfaceOrientationLandscapeLeft UIInterfaceOrientationLandscapeRight";
				LD_RUNPATH_SEARCH_PATHS = (
					"$(inherited)",
					"@executable_path/Frameworks",
				);
				MARKETING_VERSION = 1.0;
				PRODUCT_BUNDLE_IDENTIFIER = arian.MorningWeather;
				PRODUCT_NAME = "$(TARGET_NAME)";
				SWIFT_EMIT_LOC_STRINGS = YES;
				SWIFT_VERSION = 5.0;
				TARGETED_DEVICE_FAMILY = "1,2";
			};
			name = Debug;
		};
		D2ED86A12F33EC1200C8D4DC /* Release */ = {
			isa = XCBuildConfiguration;
			buildSettings = {
				ASSETCATALOG_COMPILER_APPICON_NAME = AppIcon;
				ASSETCATALOG_COMPILER_GLOBAL_ACCENT_COLOR_NAME = AccentColor;
				CODE_SIGN_STYLE = Automatic;
				CURRENT_PROJECT_VERSION = 1;
				DEVELOPMENT_ASSET_PATHS = "\"MorningWeather/Preview Content\"";
				ENABLE_PREVIEWS = YES;
				GENERATE_INFOPLIST_FILE = YES;
				INFOPLIST_KEY_UIApplicationSceneManifest_Generation = YES;
				INFOPLIST_KEY_UIApplicationSupportsIndirectInputEvents = YES;
				INFOPLIST_KEY_UILaunchScreen_Generation = YES;
				INFOPLIST_KEY_UISupportedInterfaceOrientations_iPad = "UIInterfaceOrientationPortrait UIInterfaceOrientationPortraitUpsideDown UIInterfaceOrientationLandscapeLeft UIInterfaceOrientationLandscapeRight";
				INFOPLIST_KEY_UISupportedInterfaceOrientations_iPhone = "UIInterfaceOrientationPortrait UIInterfaceOrientationLandscapeLeft UIInterfaceOrientationLandscapeRight";
				LD_RUNPATH_SEARCH_PATHS = (
					"$(inherited)",
					"@executable_path/Frameworks",
				);
				MARKETING_VERSION = 1.0;
				PRODUCT_BUNDLE_IDENTIFIER = arian.MorningWeather;
				PRODUCT_NAME = "$(TARGET_NAME)";
				SWIFT_EMIT_LOC_STRINGS = YES;
				SWIFT_VERSION = 5.0;
				TARGETED_DEVICE_FAMILY = "1,2";
			};
			name = Release;
		};
		D2ED86A32F33EC1200C8D4DC /* Debug */ = {
			isa = XCBuildConfiguration;
			buildSettings = {
				BUNDLE_LOADER = "$(TEST_HOST)";
				CODE_SIGN_STYLE = Automatic;
				CURRENT_PROJECT_VERSION = 1;
				GENERATE_INFOPLIST_FILE = YES;
				IPHONEOS_DEPLOYMENT_TARGET = 18.2;
				MARKETING_VERSION = 1.0;
				PRODUCT_BUNDLE_IDENTIFIER = arian.MorningWeatherTests;
				PRODUCT_NAME = "$(TARGET_NAME)";
				SWIFT_EMIT_LOC_STRINGS = NO;
				SWIFT_VERSION = 5.0;
				TARGETED_DEVICE_FAMILY = "1,2";
				TEST_HOST = "$(BUILT_PRODUCTS_DIR)/MorningWeather.app/$(BUNDLE_EXECUTABLE_FOLDER_PATH)/MorningWeather";
			};
			name = Debug;
		};
		D2ED86A42F33EC1200C8D4DC /* Release */ = {
			isa = XCBuildConfiguration;
			buildSettings = {
				BUNDLE_LOADER = "$(TEST_HOST)";
				CODE_SIGN_STYLE = Automatic;
				CURRENT_PROJECT_VERSION = 1;
				GENERATE_INFOPLIST_FILE = YES;
				IPHONEOS_DEPLOYMENT_TARGET = 18.2;
				MARKETING_VERSION = 1.0;
				PRODUCT_BUNDLE_IDENTIFIER = arian.MorningWeatherTests;
				PRODUCT_NAME = "$(TARGET_NAME)";
				SWIFT_EMIT_LOC_STRINGS = NO;
				SWIFT_VERSION = 5.0;
				TARGETED_DEVICE_FAMILY = "1,2";
				TEST_HOST = "$(BUILT_PRODUCTS_DIR)/MorningWeather.app/$(BUNDLE_EXECUTABLE_FOLDER_PATH)/MorningWeather";
			};
			name = Release;
		};
		D2ED86A62F33EC1200C8D4DC /* Debug */ = {
			isa = XCBuildConfiguration;
			buildSettings = {
				CODE_SIGN_STYLE = Automatic;
				CURRENT_PROJECT_VERSION = 1;
				GENERATE_INFOPLIST_FILE = YES;
				MARKETING_VERSION = 1.0;
				PRODUCT_BUNDLE_IDENTIFIER = arian.MorningWeatherUITests;
				PRODUCT_NAME = "$(TARGET_NAME)";
				SWIFT_EMIT_LOC_STRINGS = NO;
				SWIFT_VERSION = 5.0;
				TARGETED_DEVICE_FAMILY = "1,2";
				TEST_TARGET_NAME = MorningWeather;
			};
			name = Debug;
		};
		D2ED86A72F33EC1200C8D4DC /* Release */ = {
			isa = XCBuildConfiguration;
			buildSettings = {
				CODE_SIGN_STYLE = Automatic;
				CURRENT_PROJECT_VERSION = 1;
				GENERATE_INFOPLIST_FILE = YES;
				MARKETING_VERSION = 1.0;
				PRODUCT_BUNDLE_IDENTIFIER = arian.MorningWeatherUITests;
				PRODUCT_NAME = "$(TARGET_NAME)";
				SWIFT_EMIT_LOC_STRINGS = NO;
				SWIFT_VERSION = 5.0;
				TARGETED_DEVICE_FAMILY = "1,2";
				TEST_TARGET_NAME = MorningWeather;
			};
			name = Release;
		};
/* End XCBuildConfiguration section */

/* Begin XCConfigurationList section */
		D2ED86762F33EC0E00C8D4DC /* Build configuration list for PBXProject "MorningWeather" */ = {
			isa = XCConfigurationList;
			buildConfigurations = (
				D2ED869D2F33EC1200C8D4DC /* Debug */,
				D2ED869E2F33EC1200C8D4DC /* Release */,
			);
			defaultConfigurationIsVisible = 0;
			defaultConfigurationName = Release;
		};
		D2ED869F2F33EC1200C8D4DC /* Build configuration list for PBXNativeTarget "MorningWeather" */ = {
			isa = XCConfigurationList;
			buildConfigurations = (
				D2ED86A02F33EC1200C8D4DC /* Debug */,
				D2ED86A12F33EC1200C8D4DC /* Release */,
			);
			defaultConfigurationIsVisible = 0;
			defaultConfigurationName = Release;
		};
		D2ED86A22F33EC1200C8D4DC /* Build configuration list for PBXNativeTarget "MorningWeatherTests" */ = {
			isa = XCConfigurationList;
			buildConfigurations = (
				D2ED86A32F33EC1200C8D4DC /* Debug */,
				D2ED86A42F33EC1200C8D4DC /* Release */,
			);
			defaultConfigurationIsVisible = 0;
			defaultConfigurationName = Release;
		};
		D2ED86A52F33EC1200C8D4DC /* Build configuration list for PBXNativeTarget "MorningWeatherUITests" */ = {
			isa = XCConfigurationList;
			buildConfigurations = (
				D2ED86A62F33EC1200C8D4DC /* Debug */,
				D2ED86A72F33EC1200C8D4DC /* Release */,
			);
			defaultConfigurationIsVisible = 0;
			defaultConfigurationName = Release;
		};
/* End XCConfigurationList section */
	};
	rootObject = D2ED86732F33EC0E00C8D4DC /* Project object */;
}
